
Microsoft Visual Studio Solution File, Format Version 12.00
# Visual Studio Version 17
VisualStudioVersion = 17.11.35327.3
MinimumVisualStudioVersion = 10.0.40219.1
Project("{6EC3EE1D-3C4E-46DD-8F32-0CC8E7565705}") = "Day01", "Day01\Day01.fsproj", "{3D7AE342-8B4B-4935-9528-85F433ABD8D4}"
EndProject
Project("{6EC3EE1D-3C4E-46DD-8F32-0CC8E7565705}") = "Day02", "Day02\Day02.fsproj", "{08B3A289-8A4E-4A4C-9FDE-91AC63EE2155}"
EndProject
Project("{6EC3EE1D-3C4E-46DD-8F32-0CC8E7565705}") = "Utilities", "..\Utilities\Utilities.fsproj", "{B761358E-93BD-4654-9883-D8083220675B}"
EndProject
Project("{6EC3EE1D-3C4E-46DD-8F32-0CC8E7565705}") = "Day03", "Day03\Day03.fsproj", "{771409A8-980D-4EB7-BD07-14E72B993E5D}"
EndProject
Project("{6EC3EE1D-3C4E-46DD-8F32-0CC8E7565705}") = "Day04", "Day04\Day04.fsproj", "{6D7DAA1E-CA11-4FBA-9CD3-D8BE5EF59326}"
EndProject
Project("{6EC3EE1D-3C4E-46DD-8F32-0CC8E7565705}") = "Day05", "Day05\Day05.fsproj", "{234D9DCC-B79D-4B86-9458-B1FED8004771}"
EndProject
Project("{6EC3EE1D-3C4E-46DD-8F32-0CC8E7565705}") = "Day06", "Day06\Day06.fsproj", "{74E5CF3F-CDDE-445F-AF19-0CD204069366}"
EndProject
Project("{6EC3EE1D-3C4E-46DD-8F32-0CC8E7565705}") = "Day07", "Day07\Day07.fsproj", "{011127F0-E641-451F-AF09-E5BBBBED587D}"
EndProject
Project("{6EC3EE1D-3C4E-46DD-8F32-0CC8E7565705}") = "Day08", "Day08\Day08.fsproj", "{322B10D9-8970-4109-BF27-2DEF33A83286}"
EndProject
Project("{6EC3EE1D-3C4E-46DD-8F32-0CC8E7565705}") = "Day09", "Day09\Day09.fsproj", "{132D894C-540C-49A8-B48B-F7E6980ACE59}"
EndProject
Project("{6EC3EE1D-3C4E-46DD-8F32-0CC8E7565705}") = "Day10", "Day10\Day10.fsproj", "{AAAA48EF-7FE2-4591-A545-BE95AD533C0D}"
EndProject
Project("{6EC3EE1D-3C4E-46DD-8F32-0CC8E7565705}") = "Day11", "Day11\Day11.fsproj", "{57810562-1285-402C-8B05-601E27232CF3}"
EndProject
Project("{6EC3EE1D-3C4E-46DD-8F32-0CC8E7565705}") = "Day12", "Day12\Day12.fsproj", "{82A6C614-028B-46DC-B25C-046FB82A0122}"
EndProject
Project("{6EC3EE1D-3C4E-46DD-8F32-0CC8E7565705}") = "Day13", "Day13\Day13.fsproj", "{17418327-A4BB-4E27-B083-A2161C77F213}"
EndProject
Project("{6EC3EE1D-3C4E-46DD-8F32-0CC8E7565705}") = "Day16", "Day16\Day16.fsproj", "{4307509D-9E2D-4A53-8DCA-54577D557B21}"
EndProject
Project("{6EC3EE1D-3C4E-46DD-8F32-0CC8E7565705}") = "Day18", "Day18\Day18.fsproj", "{8759B5E0-ED7F-4E42-9294-E6A02E9FDFFA}"
EndProject
Project("{6EC3EE1D-3C4E-46DD-8F32-0CC8E7565705}") = "Day19", "Day19\Day19.fsproj", "{958EAAFC-B967-469A-8EF2-4432B327BB9B}"
EndProject
Project("{6EC3EE1D-3C4E-46DD-8F32-0CC8E7565705}") = "Day20", "Day20\Day20.fsproj", "{AB3FD248-9211-4AB6-8C3B-1AB310ACB31A}"
EndProject
Project("{6EC3EE1D-3C4E-46DD-8F32-0CC8E7565705}") = "Day21", "Day21\Day21.fsproj", "{0914E229-BCDB-4B16-B2D8-576308ECA04E}"
EndProject
Project("{F2A71F9B-5D33-465A-A702-920D77279786}") = "Day22", "Day22\Day22.fsproj", "{7CCCF5A0-0D41-44AC-93FC-80F832CCCABA}"
EndProject
Project("{F2A71F9B-5D33-465A-A702-920D77279786}") = "Day23", "Day23\Day23.fsproj", "{FDD75E7D-5A04-4DD9-9564-749972825AD1}"
EndProject
Project("{F2A71F9B-5D33-465A-A702-920D77279786}") = "Day24", "Day24\Day24.fsproj", "{3483157A-6519-4F21-A7AD-936940D0EE51}"
EndProject
Project("{F2A71F9B-5D33-465A-A702-920D77279786}") = "Day25", "Day25\Day25.fsproj", "{50809BCE-1AFD-4FF7-B808-D5616B11C583}"
EndProject
Global
	GlobalSection(SolutionConfigurationPlatforms) = preSolution
		Debug|Any CPU = Debug|Any CPU
		Release|Any CPU = Release|Any CPU
	EndGlobalSection
	GlobalSection(ProjectConfigurationPlatforms) = postSolution
		{3D7AE342-8B4B-4935-9528-85F433ABD8D4}.Debug|Any CPU.ActiveCfg = Debug|Any CPU
		{3D7AE342-8B4B-4935-9528-85F433ABD8D4}.Debug|Any CPU.Build.0 = Debug|Any CPU
		{3D7AE342-8B4B-4935-9528-85F433ABD8D4}.Release|Any CPU.ActiveCfg = Release|Any CPU
		{3D7AE342-8B4B-4935-9528-85F433ABD8D4}.Release|Any CPU.Build.0 = Release|Any CPU
		{08B3A289-8A4E-4A4C-9FDE-91AC63EE2155}.Debug|Any CPU.ActiveCfg = Debug|Any CPU
		{08B3A289-8A4E-4A4C-9FDE-91AC63EE2155}.Debug|Any CPU.Build.0 = Debug|Any CPU
		{08B3A289-8A4E-4A4C-9FDE-91AC63EE2155}.Release|Any CPU.ActiveCfg = Release|Any CPU
		{08B3A289-8A4E-4A4C-9FDE-91AC63EE2155}.Release|Any CPU.Build.0 = Release|Any CPU
		{B761358E-93BD-4654-9883-D8083220675B}.Debug|Any CPU.ActiveCfg = Debug|Any CPU
		{B761358E-93BD-4654-9883-D8083220675B}.Debug|Any CPU.Build.0 = Debug|Any CPU
		{B761358E-93BD-4654-9883-D8083220675B}.Release|Any CPU.ActiveCfg = Release|Any CPU
		{B761358E-93BD-4654-9883-D8083220675B}.Release|Any CPU.Build.0 = Release|Any CPU
		{771409A8-980D-4EB7-BD07-14E72B993E5D}.Debug|Any CPU.ActiveCfg = Debug|Any CPU
		{771409A8-980D-4EB7-BD07-14E72B993E5D}.Debug|Any CPU.Build.0 = Debug|Any CPU
		{771409A8-980D-4EB7-BD07-14E72B993E5D}.Release|Any CPU.ActiveCfg = Release|Any CPU
		{771409A8-980D-4EB7-BD07-14E72B993E5D}.Release|Any CPU.Build.0 = Release|Any CPU
		{6D7DAA1E-CA11-4FBA-9CD3-D8BE5EF59326}.Debug|Any CPU.ActiveCfg = Debug|Any CPU
		{6D7DAA1E-CA11-4FBA-9CD3-D8BE5EF59326}.Debug|Any CPU.Build.0 = Debug|Any CPU
		{6D7DAA1E-CA11-4FBA-9CD3-D8BE5EF59326}.Release|Any CPU.ActiveCfg = Release|Any CPU
		{6D7DAA1E-CA11-4FBA-9CD3-D8BE5EF59326}.Release|Any CPU.Build.0 = Release|Any CPU
		{234D9DCC-B79D-4B86-9458-B1FED8004771}.Debug|Any CPU.ActiveCfg = Debug|Any CPU
		{234D9DCC-B79D-4B86-9458-B1FED8004771}.Debug|Any CPU.Build.0 = Debug|Any CPU
		{234D9DCC-B79D-4B86-9458-B1FED8004771}.Release|Any CPU.ActiveCfg = Release|Any CPU
		{234D9DCC-B79D-4B86-9458-B1FED8004771}.Release|Any CPU.Build.0 = Release|Any CPU
		{74E5CF3F-CDDE-445F-AF19-0CD204069366}.Debug|Any CPU.ActiveCfg = Debug|Any CPU
		{74E5CF3F-CDDE-445F-AF19-0CD204069366}.Debug|Any CPU.Build.0 = Debug|Any CPU
		{74E5CF3F-CDDE-445F-AF19-0CD204069366}.Release|Any CPU.ActiveCfg = Release|Any CPU
		{74E5CF3F-CDDE-445F-AF19-0CD204069366}.Release|Any CPU.Build.0 = Release|Any CPU
		{011127F0-E641-451F-AF09-E5BBBBED587D}.Debug|Any CPU.ActiveCfg = Debug|Any CPU
		{011127F0-E641-451F-AF09-E5BBBBED587D}.Debug|Any CPU.Build.0 = Debug|Any CPU
		{011127F0-E641-451F-AF09-E5BBBBED587D}.Release|Any CPU.ActiveCfg = Release|Any CPU
		{011127F0-E641-451F-AF09-E5BBBBED587D}.Release|Any CPU.Build.0 = Release|Any CPU
		{322B10D9-8970-4109-BF27-2DEF33A83286}.Debug|Any CPU.ActiveCfg = Debug|Any CPU
		{322B10D9-8970-4109-BF27-2DEF33A83286}.Debug|Any CPU.Build.0 = Debug|Any CPU
		{322B10D9-8970-4109-BF27-2DEF33A83286}.Release|Any CPU.ActiveCfg = Release|Any CPU
		{322B10D9-8970-4109-BF27-2DEF33A83286}.Release|Any CPU.Build.0 = Release|Any CPU
		{132D894C-540C-49A8-B48B-F7E6980ACE59}.Debug|Any CPU.ActiveCfg = Debug|Any CPU
		{132D894C-540C-49A8-B48B-F7E6980ACE59}.Debug|Any CPU.Build.0 = Debug|Any CPU
		{132D894C-540C-49A8-B48B-F7E6980ACE59}.Release|Any CPU.ActiveCfg = Release|Any CPU
		{132D894C-540C-49A8-B48B-F7E6980ACE59}.Release|Any CPU.Build.0 = Release|Any CPU
		{AAAA48EF-7FE2-4591-A545-BE95AD533C0D}.Debug|Any CPU.ActiveCfg = Debug|Any CPU
		{AAAA48EF-7FE2-4591-A545-BE95AD533C0D}.Debug|Any CPU.Build.0 = Debug|Any CPU
		{AAAA48EF-7FE2-4591-A545-BE95AD533C0D}.Release|Any CPU.ActiveCfg = Release|Any CPU
		{AAAA48EF-7FE2-4591-A545-BE95AD533C0D}.Release|Any CPU.Build.0 = Release|Any CPU
		{57810562-1285-402C-8B05-601E27232CF3}.Debug|Any CPU.ActiveCfg = Debug|Any CPU
		{57810562-1285-402C-8B05-601E27232CF3}.Debug|Any CPU.Build.0 = Debug|Any CPU
		{57810562-1285-402C-8B05-601E27232CF3}.Release|Any CPU.ActiveCfg = Release|Any CPU
		{57810562-1285-402C-8B05-601E27232CF3}.Release|Any CPU.Build.0 = Release|Any CPU
		{82A6C614-028B-46DC-B25C-046FB82A0122}.Debug|Any CPU.ActiveCfg = Debug|Any CPU
		{82A6C614-028B-46DC-B25C-046FB82A0122}.Debug|Any CPU.Build.0 = Debug|Any CPU
		{82A6C614-028B-46DC-B25C-046FB82A0122}.Release|Any CPU.ActiveCfg = Release|Any CPU
		{82A6C614-028B-46DC-B25C-046FB82A0122}.Release|Any CPU.Build.0 = Release|Any CPU
		{17418327-A4BB-4E27-B083-A2161C77F213}.Debug|Any CPU.ActiveCfg = Debug|Any CPU
		{17418327-A4BB-4E27-B083-A2161C77F213}.Debug|Any CPU.Build.0 = Debug|Any CPU
		{17418327-A4BB-4E27-B083-A2161C77F213}.Release|Any CPU.ActiveCfg = Release|Any CPU
		{17418327-A4BB-4E27-B083-A2161C77F213}.Release|Any CPU.Build.0 = Release|Any CPU
		{4307509D-9E2D-4A53-8DCA-54577D557B21}.Debug|Any CPU.ActiveCfg = Debug|Any CPU
		{4307509D-9E2D-4A53-8DCA-54577D557B21}.Debug|Any CPU.Build.0 = Debug|Any CPU
		{4307509D-9E2D-4A53-8DCA-54577D557B21}.Release|Any CPU.ActiveCfg = Release|Any CPU
		{4307509D-9E2D-4A53-8DCA-54577D557B21}.Release|Any CPU.Build.0 = Release|Any CPU
		{8759B5E0-ED7F-4E42-9294-E6A02E9FDFFA}.Debug|Any CPU.ActiveCfg = Debug|Any CPU
		{8759B5E0-ED7F-4E42-9294-E6A02E9FDFFA}.Debug|Any CPU.Build.0 = Debug|Any CPU
		{8759B5E0-ED7F-4E42-9294-E6A02E9FDFFA}.Release|Any CPU.ActiveCfg = Release|Any CPU
		{8759B5E0-ED7F-4E42-9294-E6A02E9FDFFA}.Release|Any CPU.Build.0 = Release|Any CPU
		{958EAAFC-B967-469A-8EF2-4432B327BB9B}.Debug|Any CPU.ActiveCfg = Debug|Any CPU
		{958EAAFC-B967-469A-8EF2-4432B327BB9B}.Debug|Any CPU.Build.0 = Debug|Any CPU
		{958EAAFC-B967-469A-8EF2-4432B327BB9B}.Release|Any CPU.ActiveCfg = Release|Any CPU
		{958EAAFC-B967-469A-8EF2-4432B327BB9B}.Release|Any CPU.Build.0 = Release|Any CPU
		{AB3FD248-9211-4AB6-8C3B-1AB310ACB31A}.Debug|Any CPU.ActiveCfg = Debug|Any CPU
		{AB3FD248-9211-4AB6-8C3B-1AB310ACB31A}.Debug|Any CPU.Build.0 = Debug|Any CPU
		{AB3FD248-9211-4AB6-8C3B-1AB310ACB31A}.Release|Any CPU.ActiveCfg = Release|Any CPU
		{AB3FD248-9211-4AB6-8C3B-1AB310ACB31A}.Release|Any CPU.Build.0 = Release|Any CPU
		{0914E229-BCDB-4B16-B2D8-576308ECA04E}.Debug|Any CPU.ActiveCfg = Debug|Any CPU
		{0914E229-BCDB-4B16-B2D8-576308ECA04E}.Debug|Any CPU.Build.0 = Debug|Any CPU
		{0914E229-BCDB-4B16-B2D8-576308ECA04E}.Release|Any CPU.ActiveCfg = Release|Any CPU
		{0914E229-BCDB-4B16-B2D8-576308ECA04E}.Release|Any CPU.Build.0 = Release|Any CPU
		{7CCCF5A0-0D41-44AC-93FC-80F832CCCABA}.Debug|Any CPU.ActiveCfg = Debug|Any CPU
		{7CCCF5A0-0D41-44AC-93FC-80F832CCCABA}.Debug|Any CPU.Build.0 = Debug|Any CPU
		{7CCCF5A0-0D41-44AC-93FC-80F832CCCABA}.Release|Any CPU.ActiveCfg = Release|Any CPU
		{7CCCF5A0-0D41-44AC-93FC-80F832CCCABA}.Release|Any CPU.Build.0 = Release|Any CPU
		{FDD75E7D-5A04-4DD9-9564-749972825AD1}.Debug|Any CPU.ActiveCfg = Debug|Any CPU
		{FDD75E7D-5A04-4DD9-9564-749972825AD1}.Debug|Any CPU.Build.0 = Debug|Any CPU
		{FDD75E7D-5A04-4DD9-9564-749972825AD1}.Release|Any CPU.ActiveCfg = Release|Any CPU
		{FDD75E7D-5A04-4DD9-9564-749972825AD1}.Release|Any CPU.Build.0 = Release|Any CPU
		{3483157A-6519-4F21-A7AD-936940D0EE51}.Debug|Any CPU.ActiveCfg = Debug|Any CPU
		{3483157A-6519-4F21-A7AD-936940D0EE51}.Debug|Any CPU.Build.0 = Debug|Any CPU
		{3483157A-6519-4F21-A7AD-936940D0EE51}.Release|Any CPU.ActiveCfg = Release|Any CPU
		{3483157A-6519-4F21-A7AD-936940D0EE51}.Release|Any CPU.Build.0 = Release|Any CPU
		{50809BCE-1AFD-4FF7-B808-D5616B11C583}.Debug|Any CPU.ActiveCfg = Debug|Any CPU
		{50809BCE-1AFD-4FF7-B808-D5616B11C583}.Debug|Any CPU.Build.0 = Debug|Any CPU
		{50809BCE-1AFD-4FF7-B808-D5616B11C583}.Release|Any CPU.ActiveCfg = Release|Any CPU
		{50809BCE-1AFD-4FF7-B808-D5616B11C583}.Release|Any CPU.Build.0 = Release|Any CPU
	EndGlobalSection
	GlobalSection(SolutionProperties) = preSolution
		HideSolutionNode = FALSE
	EndGlobalSection
	GlobalSection(ExtensibilityGlobals) = postSolution
		SolutionGuid = {6F0A4942-341B-4EB6-BDF3-476CA5BB88D8}
	EndGlobalSection
EndGlobal
